{
  "name": "music-player",
  "version": "1.0.0",
  "lockfileVersion": 3,
  "requires": true,
  "packages": {
    "": {
      "name": "music-player",
      "version": "1.0.0",
      "dependencies": {
        "dexie": "^4.4.5",
        "liricle": "^4.2.0"
      },
      "devDependencies": {
        "typescript": "^7.0.2",
        "vite": "^8.2.2"
      },
      "engines": {
        "node": ">=20"
      }
    }
  }
}
